# THIS IS AN AUTOGENERATED FILE. DO NOT EDIT THIS FILE DIRECTLY.
# yarn lockfile v1


bootstrap-select@^1.13.12:
  version "1.13.12"
  resolved "https://registry.yarnpkg.com/bootstrap-select/-/bootstrap-select-1.13.12.tgz#81b9f1394cb8d7151aea16fb9030c112330dbf98"
  integrity sha512-epsPt6WpgmL9Q9Y22JFntajdhhqvCwV/JKiBZF3YFvMHK9YzzDPQft/Cjqvsgq0bhF32BlvG03Qs3qA/pVRAqQ==

dragscroll@^0.0.8:
  version "0.0.8"
  resolved "https://registry.yarnpkg.com/dragscroll/-/dragscroll-0.0.8.tgz#de4771e5f3a14d77b583ecef5d38bd9618f27563"
  integrity sha1-3kdx5fOhTXe1g+zvXTi9lhjydWM=

jquery-datetimepicker@^2.5.21:
  version "2.5.21"
  resolved "https://registry.yarnpkg.com/jquery-datetimepicker/-/jquery-datetimepicker-2.5.21.tgz#00c388a78df2732fedfdb5c6529b6e84d53e0235"
  integrity sha512-wDTpZ4f1PWd1XGaIIE0n6jLynlm+akBJ7/NjaB1bk2UJSS593CHJPZ3+FNEXoyvNVUeBlBC0oX6WTfCyfUhX/w==
  dependencies:
    jquery ">= 1.7.2"
    jquery-mousewheel ">= 3.1.13"
    php-date-formatter "^1.3.4"

"jquery-mousewheel@>= 3.1.13":
  version "3.1.13"
  resolved "https://registry.yarnpkg.com/jquery-mousewheel/-/jquery-mousewheel-3.1.13.tgz#06f0335f16e353a695e7206bf50503cb523a6ee5"
  integrity sha1-BvAzXxbjU6aV5yBr9QUDy1I6buU=

"jquery@>= 1.7.2":
  version "3.6.4"
  resolved "https://registry.yarnpkg.com/jquery/-/jquery-3.6.4.tgz#ba065c188142100be4833699852bf7c24dc0252f"
  integrity sha512-v28EW9DWDFpzcD9O5iyJXg3R3+q+mET5JhnjJzQUZMHOv67bpSIHq81GEYpPNZHG+XXHsfSme3nxp/hndKEcsQ==

php-date-formatter@^1.3.4:
  version "1.3.4"
  resolved "https://registry.yarnpkg.com/php-date-formatter/-/php-date-formatter-1.3.4.tgz#09a15ae0766ba0beb1900c27c1ec319ef2e4563e"
  integrity sha1-CaFa4HZroL6xkAwnwewxnvLkVj4=
